
Microsoft Visual Studio Solution File, Format Version 12.00
# Visual Studio Version 16
VisualStudioVersion = 16.0.29215.179
MinimumVisualStudioVersion = 10.0.40219.1
Project("{FAE04EC0-301F-11D3-BF4B-00C04F79EFBC}") = "Check biggest array", "Check biggest array\Check biggest array.csproj", "{45CFC69F-4794-41E3-93E9-89D2F89F2A70}"
EndProject
Global
	GlobalSection(SolutionConfigurationPlatforms) = preSolution
		Debug|Any CPU = Debug|Any CPU
		Release|Any CPU = Release|Any CPU
	EndGlobalSection
	GlobalSection(ProjectConfigurationPlatforms) = postSolution
		{45CFC69F-4794-41E3-93E9-89D2F89F2A70}.Debug|Any CPU.ActiveCfg = Debug|Any CPU
		{45CFC69F-4794-41E3-93E9-89D2F89F2A70}.Debug|Any CPU.Build.0 = Debug|Any CPU
		{45CFC69F-4794-41E3-93E9-89D2F89F2A70}.Release|Any CPU.ActiveCfg = Release|Any CPU
		{45CFC69F-4794-41E3-93E9-89D2F89F2A70}.Release|Any CPU.Build.0 = Release|Any CPU
	EndGlobalSection
	GlobalSection(SolutionProperties) = preSolution
		HideSolutionNode = FALSE
	EndGlobalSection
	GlobalSection(ExtensibilityGlobals) = postSolution
		SolutionGuid = {C3EA8933-237B-456B-8494-8352FDDD229C}
	EndGlobalSection
EndGlobal
